
Microsoft Visual Studio Solution File, Format Version 12.00
# Visual Studio Version 17
VisualStudioVersion = 17.0.32126.317
MinimumVisualStudioVersion = 10.0.40219.1
Project("{FAE04EC0-301F-11D3-BF4B-00C04F79EFBC}") = "PlaywrightCSharpDotNet", "PlaywrightCSharpDotNet.csproj", "{3C8C87D5-5C95-48C1-AB39-28C9BBBA00D6}"
EndProject
Global
	GlobalSection(SolutionConfigurationPlatforms) = preSolution
		Debug|Any CPU = Debug|Any CPU
		Release|Any CPU = Release|Any CPU
	EndGlobalSection
	GlobalSection(ProjectConfigurationPlatforms) = postSolution
		{3C8C87D5-5C95-48C1-AB39-28C9BBBA00D6}.Debug|Any CPU.ActiveCfg = Debug|Any CPU
		{3C8C87D5-5C95-48C1-AB39-28C9BBBA00D6}.Debug|Any CPU.Build.0 = Debug|Any CPU
		{3C8C87D5-5C95-48C1-AB39-28C9BBBA00D6}.Release|Any CPU.ActiveCfg = Release|Any CPU
		{3C8C87D5-5C95-48C1-AB39-28C9BBBA00D6}.Release|Any CPU.Build.0 = Release|Any CPU
	EndGlobalSection
	GlobalSection(SolutionProperties) = preSolution
		HideSolutionNode = FALSE
	EndGlobalSection
	GlobalSection(ExtensibilityGlobals) = postSolution
		SolutionGuid = {5CABBE8F-E6EF-4846-B40C-08767980EA8C}
	EndGlobalSection
EndGlobal
